
Microsoft Visual Studio Solution File, Format Version 12.00
# Visual Studio 15
VisualStudioVersion = 15.0.26730.8
MinimumVisualStudioVersion = 10.0.40219.1
Project("{FAE04EC0-301F-11D3-BF4B-00C04F79EFBC}") = "Fibo.Transport", "Fibo.Transport\Fibo.Transport.csproj", "{ECF2626C-A1BB-4D7F-AA64-3E8B7D8A4408}"
EndProject
Project("{FAE04EC0-301F-11D3-BF4B-00C04F79EFBC}") = "Fibo.Transport.Rabbit", "Fibo.Transport.Rabbit\Fibo.Transport.Rabbit.csproj", "{E7B16A77-B2F4-45B1-83E1-392C5C7D2848}"
EndProject
Project("{FAE04EC0-301F-11D3-BF4B-00C04F79EFBC}") = "Fibo.Transport.Rest", "Fibo.Transport.Rest\Fibo.Transport.Rest.csproj", "{5B89963E-BF75-4522-A584-F3BEBEA2B158}"
EndProject
Project("{FAE04EC0-301F-11D3-BF4B-00C04F79EFBC}") = "Fibo.Calculator", "Fibo.Calculator\Fibo.Calculator.csproj", "{AE94D66F-48DD-4851-8ED7-0749926C4661}"
EndProject
Project("{FAE04EC0-301F-11D3-BF4B-00C04F79EFBC}") = "Fibo.First", "Fibo.First\Fibo.First.csproj", "{1BAEFECC-9238-4DD6-9AEF-56BA91367604}"
EndProject
Project("{FAE04EC0-301F-11D3-BF4B-00C04F79EFBC}") = "Fibo.Second", "Fibo.Second\Fibo.Second.csproj", "{3D2891FC-E55F-471F-BA68-26671C10E351}"
EndProject
Project("{FAE04EC0-301F-11D3-BF4B-00C04F79EFBC}") = "Fibo.Storage", "Fibo.Storage\Fibo.Storage.csproj", "{492C1FA1-53D2-4AF0-81C0-B7F62F2FC263}"
EndProject
Project("{2150E333-8FDC-42A3-9474-1A3956D46DE8}") = "Executable", "Executable", "{1D7026D5-560B-428C-A81E-39620065E982}"
EndProject
Project("{2150E333-8FDC-42A3-9474-1A3956D46DE8}") = "Transport", "Transport", "{1CFCD19E-B4C0-4A36-81FE-AE64FC37BD44}"
EndProject
Project("{2150E333-8FDC-42A3-9474-1A3956D46DE8}") = "Processing", "Processing", "{43D0BBE9-4071-4162-9F67-47F0B76AC6CA}"
EndProject
Project("{FAE04EC0-301F-11D3-BF4B-00C04F79EFBC}") = "Fibo.Logging", "Fibo.Logging\Fibo.Logging.csproj", "{B9F1B8E0-03F8-413F-8EEA-DF4701F8C378}"
EndProject
Project("{2150E333-8FDC-42A3-9474-1A3956D46DE8}") = "Tests", "Tests", "{AC8D1012-A935-46EE-8D9D-B9B3568A8C7A}"
EndProject
Project("{FAE04EC0-301F-11D3-BF4B-00C04F79EFBC}") = "Fibo.Tests", "Fibo.Tests\Fibo.Tests.csproj", "{40F05282-0BD0-49BD-9FCF-EB9D414A33D1}"
EndProject
Project("{FAE04EC0-301F-11D3-BF4B-00C04F79EFBC}") = "Fibo.Messages", "Fibo.Messages\Fibo.Messages.csproj", "{26E63DBE-9A14-4973-A65E-827C6F39CB83}"
EndProject
Project("{FAE04EC0-301F-11D3-BF4B-00C04F79EFBC}") = "Fibo.Utils", "Fibo.Utils\Fibo.Utils.csproj", "{B25EA629-FE2C-441A-9044-6D43ACAFB5C0}"
EndProject
Project("{FAE04EC0-301F-11D3-BF4B-00C04F79EFBC}") = "Fibo.Processing", "Fibo.Processing\Fibo.Processing.csproj", "{C64BC246-77EF-4F75-A142-26349B43FFFE}"
EndProject
Global
	GlobalSection(SolutionConfigurationPlatforms) = preSolution
		Debug|Any CPU = Debug|Any CPU
		Release|Any CPU = Release|Any CPU
	EndGlobalSection
	GlobalSection(ProjectConfigurationPlatforms) = postSolution
		{ECF2626C-A1BB-4D7F-AA64-3E8B7D8A4408}.Debug|Any CPU.ActiveCfg = Debug|Any CPU
		{ECF2626C-A1BB-4D7F-AA64-3E8B7D8A4408}.Debug|Any CPU.Build.0 = Debug|Any CPU
		{ECF2626C-A1BB-4D7F-AA64-3E8B7D8A4408}.Release|Any CPU.ActiveCfg = Release|Any CPU
		{ECF2626C-A1BB-4D7F-AA64-3E8B7D8A4408}.Release|Any CPU.Build.0 = Release|Any CPU
		{E7B16A77-B2F4-45B1-83E1-392C5C7D2848}.Debug|Any CPU.ActiveCfg = Debug|Any CPU
		{E7B16A77-B2F4-45B1-83E1-392C5C7D2848}.Debug|Any CPU.Build.0 = Debug|Any CPU
		{E7B16A77-B2F4-45B1-83E1-392C5C7D2848}.Release|Any CPU.ActiveCfg = Release|Any CPU
		{E7B16A77-B2F4-45B1-83E1-392C5C7D2848}.Release|Any CPU.Build.0 = Release|Any CPU
		{5B89963E-BF75-4522-A584-F3BEBEA2B158}.Debug|Any CPU.ActiveCfg = Debug|Any CPU
		{5B89963E-BF75-4522-A584-F3BEBEA2B158}.Debug|Any CPU.Build.0 = Debug|Any CPU
		{5B89963E-BF75-4522-A584-F3BEBEA2B158}.Release|Any CPU.ActiveCfg = Release|Any CPU
		{5B89963E-BF75-4522-A584-F3BEBEA2B158}.Release|Any CPU.Build.0 = Release|Any CPU
		{AE94D66F-48DD-4851-8ED7-0749926C4661}.Debug|Any CPU.ActiveCfg = Debug|Any CPU
		{AE94D66F-48DD-4851-8ED7-0749926C4661}.Debug|Any CPU.Build.0 = Debug|Any CPU
		{AE94D66F-48DD-4851-8ED7-0749926C4661}.Release|Any CPU.ActiveCfg = Release|Any CPU
		{AE94D66F-48DD-4851-8ED7-0749926C4661}.Release|Any CPU.Build.0 = Release|Any CPU
		{1BAEFECC-9238-4DD6-9AEF-56BA91367604}.Debug|Any CPU.ActiveCfg = Debug|Any CPU
		{1BAEFECC-9238-4DD6-9AEF-56BA91367604}.Debug|Any CPU.Build.0 = Debug|Any CPU
		{1BAEFECC-9238-4DD6-9AEF-56BA91367604}.Release|Any CPU.ActiveCfg = Release|Any CPU
		{1BAEFECC-9238-4DD6-9AEF-56BA91367604}.Release|Any CPU.Build.0 = Release|Any CPU
		{3D2891FC-E55F-471F-BA68-26671C10E351}.Debug|Any CPU.ActiveCfg = Debug|Any CPU
		{3D2891FC-E55F-471F-BA68-26671C10E351}.Debug|Any CPU.Build.0 = Debug|Any CPU
		{3D2891FC-E55F-471F-BA68-26671C10E351}.Release|Any CPU.ActiveCfg = Release|Any CPU
		{3D2891FC-E55F-471F-BA68-26671C10E351}.Release|Any CPU.Build.0 = Release|Any CPU
		{492C1FA1-53D2-4AF0-81C0-B7F62F2FC263}.Debug|Any CPU.ActiveCfg = Debug|Any CPU
		{492C1FA1-53D2-4AF0-81C0-B7F62F2FC263}.Debug|Any CPU.Build.0 = Debug|Any CPU
		{492C1FA1-53D2-4AF0-81C0-B7F62F2FC263}.Release|Any CPU.ActiveCfg = Release|Any CPU
		{492C1FA1-53D2-4AF0-81C0-B7F62F2FC263}.Release|Any CPU.Build.0 = Release|Any CPU
		{B9F1B8E0-03F8-413F-8EEA-DF4701F8C378}.Debug|Any CPU.ActiveCfg = Debug|Any CPU
		{B9F1B8E0-03F8-413F-8EEA-DF4701F8C378}.Debug|Any CPU.Build.0 = Debug|Any CPU
		{B9F1B8E0-03F8-413F-8EEA-DF4701F8C378}.Release|Any CPU.ActiveCfg = Release|Any CPU
		{B9F1B8E0-03F8-413F-8EEA-DF4701F8C378}.Release|Any CPU.Build.0 = Release|Any CPU
		{40F05282-0BD0-49BD-9FCF-EB9D414A33D1}.Debug|Any CPU.ActiveCfg = Debug|Any CPU
		{40F05282-0BD0-49BD-9FCF-EB9D414A33D1}.Debug|Any CPU.Build.0 = Debug|Any CPU
		{40F05282-0BD0-49BD-9FCF-EB9D414A33D1}.Release|Any CPU.ActiveCfg = Release|Any CPU
		{40F05282-0BD0-49BD-9FCF-EB9D414A33D1}.Release|Any CPU.Build.0 = Release|Any CPU
		{26E63DBE-9A14-4973-A65E-827C6F39CB83}.Debug|Any CPU.ActiveCfg = Debug|Any CPU
		{26E63DBE-9A14-4973-A65E-827C6F39CB83}.Debug|Any CPU.Build.0 = Debug|Any CPU
		{26E63DBE-9A14-4973-A65E-827C6F39CB83}.Release|Any CPU.ActiveCfg = Release|Any CPU
		{26E63DBE-9A14-4973-A65E-827C6F39CB83}.Release|Any CPU.Build.0 = Release|Any CPU
		{B25EA629-FE2C-441A-9044-6D43ACAFB5C0}.Debug|Any CPU.ActiveCfg = Debug|Any CPU
		{B25EA629-FE2C-441A-9044-6D43ACAFB5C0}.Debug|Any CPU.Build.0 = Debug|Any CPU
		{B25EA629-FE2C-441A-9044-6D43ACAFB5C0}.Release|Any CPU.ActiveCfg = Release|Any CPU
		{B25EA629-FE2C-441A-9044-6D43ACAFB5C0}.Release|Any CPU.Build.0 = Release|Any CPU
		{C64BC246-77EF-4F75-A142-26349B43FFFE}.Debug|Any CPU.ActiveCfg = Debug|Any CPU
		{C64BC246-77EF-4F75-A142-26349B43FFFE}.Debug|Any CPU.Build.0 = Debug|Any CPU
		{C64BC246-77EF-4F75-A142-26349B43FFFE}.Release|Any CPU.ActiveCfg = Release|Any CPU
		{C64BC246-77EF-4F75-A142-26349B43FFFE}.Release|Any CPU.Build.0 = Release|Any CPU
	EndGlobalSection
	GlobalSection(SolutionProperties) = preSolution
		HideSolutionNode = FALSE
	EndGlobalSection
	GlobalSection(NestedProjects) = preSolution
		{ECF2626C-A1BB-4D7F-AA64-3E8B7D8A4408} = {1CFCD19E-B4C0-4A36-81FE-AE64FC37BD44}
		{E7B16A77-B2F4-45B1-83E1-392C5C7D2848} = {1CFCD19E-B4C0-4A36-81FE-AE64FC37BD44}
		{5B89963E-BF75-4522-A584-F3BEBEA2B158} = {1CFCD19E-B4C0-4A36-81FE-AE64FC37BD44}
		{AE94D66F-48DD-4851-8ED7-0749926C4661} = {43D0BBE9-4071-4162-9F67-47F0B76AC6CA}
		{1BAEFECC-9238-4DD6-9AEF-56BA91367604} = {1D7026D5-560B-428C-A81E-39620065E982}
		{3D2891FC-E55F-471F-BA68-26671C10E351} = {1D7026D5-560B-428C-A81E-39620065E982}
		{492C1FA1-53D2-4AF0-81C0-B7F62F2FC263} = {43D0BBE9-4071-4162-9F67-47F0B76AC6CA}
		{B9F1B8E0-03F8-413F-8EEA-DF4701F8C378} = {43D0BBE9-4071-4162-9F67-47F0B76AC6CA}
		{40F05282-0BD0-49BD-9FCF-EB9D414A33D1} = {AC8D1012-A935-46EE-8D9D-B9B3568A8C7A}
		{26E63DBE-9A14-4973-A65E-827C6F39CB83} = {1CFCD19E-B4C0-4A36-81FE-AE64FC37BD44}
		{B25EA629-FE2C-441A-9044-6D43ACAFB5C0} = {43D0BBE9-4071-4162-9F67-47F0B76AC6CA}
		{C64BC246-77EF-4F75-A142-26349B43FFFE} = {43D0BBE9-4071-4162-9F67-47F0B76AC6CA}
	EndGlobalSection
	GlobalSection(ExtensibilityGlobals) = postSolution
		SolutionGuid = {69CD3FF5-4D93-4083-B42C-1BE45EA50946}
	EndGlobalSection
EndGlobal
